// !$*UTF8*$!
{
	archiveVersion = 1;
	classes = {
	};
	objectVersion = 46;
	objects = {

/* Begin PBXBuildFile section */
		91DDC0621F6AAB2A00C6E1BF /* main.m in Sources */ = {isa = PBXBuildFile; fileRef = 91DDC0611F6AAB2A00C6E1BF /* main.m */; };
		91DDC0651F6AAB2A00C6E1BF /* AppDelegate.m in Sources */ = {isa = PBXBuildFile; fileRef = 91DDC0641F6AAB2A00C6E1BF /* AppDelegate.m */; };
		91DDC0681F6AAB2A00C6E1BF /* ViewController.m in Sources */ = {isa = PBXBuildFile; fileRef = 91DDC0671F6AAB2A00C6E1BF /* ViewController.m */; };
		91DDC06B1F6AAB2A00C6E1BF /* Main.storyboard in Resources */ = {isa = PBXBuildFile; fileRef = 91DDC0691F6AAB2A00C6E1BF /* Main.storyboard */; };
		91DDC06D1F6AAB2A00C6E1BF /* Assets.xcassets in Resources */ = {isa = PBXBuildFile; fileRef = 91DDC06C1F6AAB2A00C6E1BF /* Assets.xcassets */; };
		91DDC0701F6AAB2A00C6E1BF /* LaunchScreen.storyboard in Resources */ = {isa = PBXBuildFile; fileRef = 91DDC06E1F6AAB2A00C6E1BF /* LaunchScreen.storyboard */; };
/* End PBXBuildFile section */

/* Begin PBXFileReference section */
		91DDC05D1F6AAB2A00C6E1BF /* clbToolKitDemo.app */ = {isa = PBXFileReference; explicitFileType = wrapper.application; includeInIndex = 0; path = clbToolKitDemo.app; sourceTree = BUILT_PRODUCTS_DIR; };
		91DDC0611F6AAB2A00C6E1BF /* main.m */ = {isa = PBXFileReference; lastKnownFileType = sourcecode.c.objc; path = main.m; sourceTree = "<group>"; };
		91DDC0631F6AAB2A00C6E1BF /* AppDelegate.h */ = {isa = PBXFileReference; lastKnownFileType = sourcecode.c.h; path = AppDelegate.h; sourceTree = "<group>"; };
		91DDC0641F6AAB2A00C6E1BF /* AppDelegate.m */ = {isa = PBXFileReference; lastKnownFileType = sourcecode.c.objc; path = AppDelegate.m; sourceTree = "<group>"; };
		91DDC0661F6AAB2A00C6E1BF /* ViewController.h */ = {isa = PBXFileReference; lastKnownFileType = sourcecode.c.h; path = ViewController.h; sourceTree = "<group>"; };
		91DDC0671F6AAB2A00C6E1BF /* ViewController.m */ = {isa = PBXFileReference; lastKnownFileType = sourcecode.c.objc; path = ViewController.m; sourceTree = "<group>"; };
		91DDC06A1F6AAB2A00C6E1BF /* Base */ = {isa = PBXFileReference; lastKnownFileType = file.storyboard; name = Base; path = Base.lproj/Main.storyboard; sourceTree = "<group>"; };
		91DDC06C1F6AAB2A00C6E1BF /* Assets.xcassets */ = {isa = PBXFileReference; lastKnownFileType = folder.assetcatalog; path = Assets.xcassets; sourceTree = "<group>"; };
		91DDC06F1F6AAB2A00C6E1BF /* Base */ = {isa = PBXFileReference; lastKnownFileType = file.storyboard; name = Base; path = Base.lproj/LaunchScreen.storyboard; sourceTree = "<group>"; };
		91DDC0711F6AAB2A00C6E1BF /* Info.plist */ = {isa = PBXFileReference; lastKnownFileType = text.plist.xml; path = Info.plist; sourceTree = "<group>"; };
/* End PBXFileReference section */

/* Begin PBXFrameworksBuildPhase section */
		91DDC05A1F6AAB2A00C6E1BF /* Frameworks */ = {
			isa = PBXFrameworksBuildPhase;
			buildActionMask = 2147483647;
			files = (
			);
			runOnlyForDeploymentPostprocessing = 0;
		};
/* End PBXFrameworksBuildPhase section */

/* Begin PBXGroup section */
		91DDC0541F6AAB2A00C6E1BF = {
			isa = PBXGroup;
			children = (
				91DDC05F1F6AAB2A00C6E1BF /* clbToolKitDemo */,
				91DDC05E1F6AAB2A00C6E1BF /* Products */,
			);
			sourceTree = "<group>";
		};
		91DDC05E1F6AAB2A00C6E1BF /* Products */ = {
			isa = PBXGroup;
			children = (
				91DDC05D1F6AAB2A00C6E1BF /* clbToolKitDemo.app */,
			);
			name = Products;
			sourceTree = "<group>";
		};
		91DDC05F1F6AAB2A00C6E1BF /* clbToolKitDemo */ = {
			isa = PBXGroup;
			children = (
				91DDC0631F6AAB2A00C6E1BF /* AppDelegate.h */,
				91DDC0641F6AAB2A00C6E1BF /* AppDelegate.m */,
				91DDC0661F6AAB2A00C6E1BF /* ViewController.h */,
				91DDC0671F6AAB2A00C6E1BF /* ViewController.m */,
				91DDC0691F6AAB2A00C6E1BF /* Main.storyboard */,
				91DDC06C1F6AAB2A00C6E1BF /* Assets.xcassets */,
				91DDC06E1F6AAB2A00C6E1BF /* LaunchScreen.storyboard */,
				91DDC0711F6AAB2A00C6E1BF /* Info.plist */,
				91DDC0601F6AAB2A00C6E1BF /* Supporting Files */,
			);
			path = clbToolKitDemo;
			sourceTree = "<group>";
		};
		91DDC0601F6AAB2A00C6E1BF /* Supporting Files */ = {
			isa = PBXGroup;
			children = (
				91DDC0611F6AAB2A00C6E1BF /* main.m */,
			);
			name = "Supporting Files";
			sourceTree = "<group>";
		};
/* End PBXGroup section */

/* Begin PBXNativeTarget section */
		91DDC05C1F6AAB2A00C6E1BF /* clbToolKitDemo */ = {
			isa = PBXNativeTarget;
			buildConfigurationList = 91DDC0741F6AAB2A00C6E1BF /* Build configuration list for PBXNativeTarget "clbToolKitDemo" */;
			buildPhases = (
				91DDC0591F6AAB2A00C6E1BF /* Sources */,
				91DDC05A1F6AAB2A00C6E1BF /* Frameworks */,
				91DDC05B1F6AAB2A00C6E1BF /* Resources */,
			);
			buildRules = (
			);
			dependencies = (
			);
			name = clbToolKitDemo;
			productName = clbToolKitDemo;
			productReference = 91DDC05D1F6AAB2A00C6E1BF /* clbToolKitDemo.app */;
			productType = "com.apple.product-type.application";
		};
/* End PBXNativeTarget section */

/* Begin PBXProject section */
		91DDC0551F6AAB2A00C6E1BF /* Project object */ = {
			isa = PBXProject;
			attributes = {
				LastUpgradeCheck = 0830;
				ORGANIZATIONNAME = clb;
				TargetAttributes = {
					91DDC05C1F6AAB2A00C6E1BF = {
						CreatedOnToolsVersion = 8.3.3;
						DevelopmentTeam = 57K9GPSDFX;
						ProvisioningStyle = Automatic;
					};
				};
			};
			buildConfigurationList = 91DDC0581F6AAB2A00C6E1BF /* Build configuration list for PBXProject "clbToolKitDemo" */;
			compatibilityVersion = "Xcode 3.2";
			developmentRegion = English;
			hasScannedForEncodings = 0;
			knownRegions = (
				en,
				Base,
			);
			mainGroup = 91DDC0541F6AAB2A00C6E1BF;
			productRefGroup = 91DDC05E1F6AAB2A00C6E1BF /* Products */;
			projectDirPath = "";
			projectRoot = "";
			targets = (
				91DDC05C1F6AAB2A00C6E1BF /* clbToolKitDemo */,
			);
		};
/* End PBXProject section */

/* Begin PBXResourcesBuildPhase section */
		91DDC05B1F6AAB2A00C6E1BF /* Resources */ = {
			isa = PBXResourcesBuildPhase;
			buildActionMask = 2147483647;
			files = (
				91DDC0701F6AAB2A00C6E1BF /* LaunchScreen.storyboard in Resources */,
				91DDC06D1F6AAB2A00C6E1BF /* Assets.xcassets in Resources */,
				91DDC06B1F6AAB2A00C6E1BF /* Main.storyboard in Resources */,
			);
			runOnlyForDeploymentPostprocessing = 0;
		};
/* End PBXResourcesBuildPhase section */

/* Begin PBXSourcesBuildPhase section */
		91DDC0591F6AAB2A00C6E1BF /* Sources */ = {
			isa = PBXSourcesBuildPhase;
			buildActionMask = 2147483647;
			files = (
				91DDC0681F6AAB2A00C6E1BF /* ViewController.m in Sources */,
				91DDC0651F6AAB2A00C6E1BF /* AppDelegate.m in Sources */,
				91DDC0621F6AAB2A00C6E1BF /* main.m in Sources */,
			);
			runOnlyForDeploymentPostprocessing = 0;
		};
/* End PBXSourcesBuildPhase section */

/* Begin PBXVariantGroup section */
		91DDC0691F6AAB2A00C6E1BF /* Main.storyboard */ = {
			isa = PBXVariantGroup;
			children = (
				91DDC06A1F6AAB2A00C6E1BF /* Base */,
			);
			name = Main.storyboard;
			sourceTree = "<group>";
		};
		91DDC06E1F6AAB2A00C6E1BF /* LaunchScreen.storyboard */ = {
			isa = PBXVariantGroup;
			children = (
				91DDC06F1F6AAB2A00C6E1BF /* Base */,
			);
			name = LaunchScreen.storyboard;
			sourceTree = "<group>";
		};
/* End PBXVariantGroup section */

/* Begin XCBuildConfiguration section */
		91DDC0721F6AAB2A00C6E1BF /* Debug */ = {
			isa = XCBuildConfiguration;
			buildSettings = {
				ALWAYS_SEARCH_USER_PATHS = NO;
				CLANG_ANALYZER_NONNULL = YES;
				CLANG_ANALYZER_NUMBER_OBJECT_CONVERSION = YES_AGGRESSIVE;
				CLANG_CXX_LANGUAGE_STANDARD = "gnu++0x";
				CLANG_CXX_LIBRARY = "libc++";
				CLANG_ENABLE_MODULES = YES;
				CLANG_ENABLE_OBJC_ARC = YES;
				CLANG_WARN_BOOL_CONVERSION = YES;
				CLANG_WARN_CONSTANT_CONVERSION = YES;
				CLANG_WARN_DIRECT_OBJC_ISA_USAGE = YES_ERROR;
				CLANG_WARN_DOCUMENTATION_COMMENTS = YES;
				CLANG_WARN_EMPTY_BODY = YES;
				CLANG_WARN_ENUM_CONVERSION = YES;
				CLANG_WARN_INFINITE_RECURSION = YES;
				CLANG_WARN_INT_CONVERSION = YES;
				CLANG_WARN_OBJC_ROOT_CLASS = YES_ERROR;
				CLANG_WARN_SUSPICIOUS_MOVE = YES;
				CLANG_WARN_UNREACHABLE_CODE = YES;
				CLANG_WARN__DUPLICATE_METHOD_MATCH = YES;
				"CODE_SIGN_IDENTITY[sdk=iphoneos*]" = "iPhone Developer";
				COPY_PHASE_STRIP = NO;
				DEBUG_INFORMATION_FORMAT = dwarf;
				ENABLE_STRICT_OBJC_MSGSEND = YES;
				ENABLE_TESTABILITY = YES;
				GCC_C_LANGUAGE_STANDARD = gnu99;
				GCC_DYNAMIC_NO_PIC = NO;
				GCC_NO_COMMON_BLOCKS = YES;
				GCC_OPTIMIZATION_LEVEL = 0;
				GCC_PREPROCESSOR_DEFINITIONS = (
					"DEBUG=1",
					"$(inherited)",
				);
				GCC_WARN_64_TO_32_BIT_CONVERSION = YES;
				GCC_WARN_ABOUT_RETURN_TYPE = YES_ERROR;
				GCC_WARN_UNDECLARED_SELECTOR = YES;
				GCC_WARN_UNINITIALIZED_AUTOS = YES_AGGRESSIVE;
				GCC_WARN_UNUSED_FUNCTION = YES;
				GCC_WARN_UNUSED_VARIABLE = YES;
				IPHONEOS_DEPLOYMENT_TARGET = 10.3;
				MTL_ENABLE_DEBUG_INFO = YES;
				ONLY_ACTIVE_ARCH = YES;
				SDKROOT = iphoneos;
			};
			name = Debug;
		};
		91DDC0731F6AAB2A00C6E1BF /* Release */ = {
			isa = XCBuildConfiguration;
			buildSettings = {
				ALWAYS_SEARCH_USER_PATHS = NO;
				CLANG_ANALYZER_NONNULL = YES;
				CLANG_ANALYZER_NUMBER_OBJECT_CONVERSION = YES_AGGRESSIVE;
				CLANG_CXX_LANGUAGE_STANDARD = "gnu++0x";
				CLANG_CXX_LIBRARY = "libc++";
				CLANG_ENABLE_MODULES = YES;
				CLANG_ENABLE_OBJC_ARC = YES;
				CLANG_WARN_BOOL_CONVERSION = YES;
				CLANG_WARN_CONSTANT_CONVERSION = YES;
				CLANG_WARN_DIRECT_OBJC_ISA_USAGE = YES_ERROR;
				CLANG_WARN_DOCUMENTATION_COMMENTS = YES;
				CLANG_WARN_EMPTY_BODY = YES;
				CLANG_WARN_ENUM_CONVERSION = YES;
				CLANG_WARN_INFINITE_RECURSION = YES;
				CLANG_WARN_INT_CONVERSION = YES;
				CLANG_WARN_OBJC_ROOT_CLASS = YES_ERROR;
				CLANG_WARN_SUSPICIOUS_MOVE = YES;
				CLANG_WARN_UNREACHABLE_CODE = YES;
				CLANG_WARN__DUPLICATE_METHOD_MATCH = YES;
				"CODE_SIGN_IDENTITY[sdk=iphoneos*]" = "iPhone Developer";
				COPY_PHASE_STRIP = NO;
				DEBUG_INFORMATION_FORMAT = "dwarf-with-dsym";
				ENABLE_NS_ASSERTIONS = NO;
				ENABLE_STRICT_OBJC_MSGSEND = YES;
				GCC_C_LANGUAGE_STANDARD = gnu99;
				GCC_NO_COMMON_BLOCKS = YES;
				GCC_WARN_64_TO_32_BIT_CONVERSION = YES;
				GCC_WARN_ABOUT_RETURN_TYPE = YES_ERROR;
				GCC_WARN_UNDECLARED_SELECTOR = YES;
				GCC_WARN_UNINITIALIZED_AUTOS = YES_AGGRESSIVE;
				GCC_WARN_UNUSED_FUNCTION = YES;
				GCC_WARN_UNUSED_VARIABLE = YES;
				IPHONEOS_DEPLOYMENT_TARGET = 10.3;
				MTL_ENABLE_DEBUG_INFO = NO;
				SDKROOT = iphoneos;
				VALIDATE_PRODUCT = YES;
			};
			name = Release;
		};
		91DDC0751F6AAB2A00C6E1BF /* Debug */ = {
			isa = XCBuildConfiguration;
			buildSettings = {
				ASSETCATALOG_COMPILER_APPICON_NAME = AppIcon;
				DEVELOPMENT_TEAM = 57K9GPSDFX;
				INFOPLIST_FILE = clbToolKitDemo/Info.plist;
				LD_RUNPATH_SEARCH_PATHS = "$(inherited) @executable_path/Frameworks";
				PRODUCT_BUNDLE_IDENTIFIER = clb.clbToolKitDemo;
				PRODUCT_NAME = "$(TARGET_NAME)";
			};
			name = Debug;
		};
		91DDC0761F6AAB2A00C6E1BF /* Release */ = {
			isa = XCBuildConfiguration;
			buildSettings = {
				ASSETCATALOG_COMPILER_APPICON_NAME = AppIcon;
				DEVELOPMENT_TEAM = 57K9GPSDFX;
				INFOPLIST_FILE = clbToolKitDemo/Info.plist;
				LD_RUNPATH_SEARCH_PATHS = "$(inherited) @executable_path/Frameworks";
				PRODUCT_BUNDLE_IDENTIFIER = clb.clbToolKitDemo;
				PRODUCT_NAME = "$(TARGET_NAME)";
			};
			name = Release;
		};
/* End XCBuildConfiguration section */

/* Begin XCConfigurationList section */
		91DDC0581F6AAB2A00C6E1BF /* Build configuration list for PBXProject "clbToolKitDemo" */ = {
			isa = XCConfigurationList;
			buildConfigurations = (
				91DDC0721F6AAB2A00C6E1BF /* Debug */,
				91DDC0731F6AAB2A00C6E1BF /* Release */,
			);
			defaultConfigurationIsVisible = 0;
			defaultConfigurationName = Release;
		};
		91DDC0741F6AAB2A00C6E1BF /* Build configuration list for PBXNativeTarget "clbToolKitDemo" */ = {
			isa = XCConfigurationList;
			buildConfigurations = (
				91DDC0751F6AAB2A00C6E1BF /* Debug */,
				91DDC0761F6AAB2A00C6E1BF /* Release */,
			);
			defaultConfigurationIsVisible = 0;
		};
/* End XCConfigurationList section */
	};
	rootObject = 91DDC0551F6AAB2A00C6E1BF /* Project object */;
}
